uuid: c2110763-30b2-47ec-8380-e597eaaecbd0
langcode: en
status: true
dependencies:
  module:
    - localgov_directories
    - node
  theme:
    - anrt_lgd
_core:
  default_config_hash: aVJQTfRDCa64UZEFneWj9unJfaDRWew6I_XoKIK9L-Q
id: anrt_lgd_localgov_directories_channel_search_block
theme: anrt_lgd
region: content_top
weight: -12
provider: null
plugin: localgov_directories_channel_search_block
settings:
  id: localgov_directories_channel_search_block
  label: 'Directory channel search'
  label_display: '0'
  provider: localgov_directories
  context_mapping:
    node: '@node.node_route_context:node'
visibility:
  node_type:
    id: node_type
    negate: false
    context_mapping:
      node: '@node.node_route_context:node'
    bundles:
      localgov_directory: localgov_directory
      localgov_directories_page: localgov_directories_page
      localgov_directories_venue: localgov_directories_venue
      localgov_directories_org: localgov_directories_org
